<?xml version="1.0" encoding="utf-8"?>
<Project ToolsVersion="4.0" xmlns="http://schemas.microsoft.com/developer/msbuild/2003">
  <ItemGroup>
    <Filter Include="MainGame">
      <UniqueIdentifier>{d60f7dc2-b2d8-40a9-8185-918be075929f}</UniqueIdentifier>
    </Filter>
    <Filter Include="GameObject">
      <UniqueIdentifier>{4973c98a-863e-4fc8-9ff0-0b6009e531a2}</UniqueIdentifier>
    </Filter>
    <Filter Include="Default">
      <UniqueIdentifier>{4b5ef261-afed-408d-821e-b99abfb4df6a}</UniqueIdentifier>
    </Filter>
    <Filter Include="Manager">
      <UniqueIdentifier>{02adeae3-0545-4f0c-beae-89046f837cfa}</UniqueIdentifier>
    </Filter>
    <Filter Include="Scene">
      <UniqueIdentifier>{8a97c7fb-0646-48b2-8166-80eb9eccf372}</UniqueIdentifier>
    </Filter>
    <Filter Include="Library">
      <UniqueIdentifier>{b25046b7-f07c-4390-87af-9bbe869f03cf}</UniqueIdentifier>
    </Filter>
    <Filter Include="Camera">
      <UniqueIdentifier>{23935f17-d981-4c28-9c0b-330c2c5e7eb0}</UniqueIdentifier>
    </Filter>
    <Filter Include="GameObject\Player">
      <UniqueIdentifier>{ac85cb59-9b50-4955-8fb6-7db4daf5f7a1}</UniqueIdentifier>
    </Filter>
    <Filter Include="GameObject\Missile">
      <UniqueIdentifier>{0a9f7fca-dad1-4979-9c06-289f0c3ef3e5}</UniqueIdentifier>
    </Filter>
    <Filter Include="GameObject\Unit">
      <UniqueIdentifier>{087c958b-e33a-4db9-8d2d-ade07d19db90}</UniqueIdentifier>
    </Filter>
    <Filter Include="Console">
      <UniqueIdentifier>{8274fa3d-f3f5-4e1e-bb25-96114e76b35d}</UniqueIdentifier>
    </Filter>
  </ItemGroup>
  <ItemGroup>
    <ClCompile Include="stdafx.cpp">
      <Filter>Default</Filter>
    </ClCompile>
    <ClCompile Include="main.cpp">
      <Filter>Default</Filter>
    </ClCompile>
    <ClCompile Include="MainGame.cpp">
      <Filter>MainGame</Filter>
    </ClCompile>
    <ClCompile Include="InputManager.cpp">
      <Filter>Manager</Filter>
    </ClCompile>
    <ClCompile Include="SceneManager.cpp">
      <Filter>Manager</Filter>
    </ClCompile>
    <ClCompile Include="ObjectManager.cpp">
      <Filter>Manager</Filter>
    </ClCompile>
    <ClCompile Include="GameObject.cpp">
      <Filter>GameObject</Filter>
    </ClCompile>
    <ClCompile Include="Scene.cpp">
      <Filter>Scene</Filter>
    </ClCompile>
    <ClCompile Include="TestScene.cpp">
      <Filter>Scene</Filter>
    </ClCompile>
    <ClCompile Include="RenderSystem.cpp">
      <Filter>Manager</Filter>
    </ClCompile>
    <ClCompile Include="Shape.cpp">
      <Filter>Library</Filter>
    </ClCompile>
    <ClCompile Include="Player.cpp">
      <Filter>GameObject\Player</Filter>
    </ClCompile>
    <ClCompile Include="Camera.cpp">
      <Filter>Camera</Filter>
    </ClCompile>
    <ClCompile Include="Vector2.cpp">
      <Filter>Library</Filter>
    </ClCompile>
    <ClCompile Include="Time.cpp" />
    <ClCompile Include="Missile.cpp">
      <Filter>GameObject\Missile</Filter>
    </ClCompile>
    <ClCompile Include="Unit.cpp" />
    <ClCompile Include="Console.cpp">
      <Filter>Console</Filter>
    </ClCompile>
  </ItemGroup>
  <ItemGroup>
    <ClInclude Include="stdafx.h">
      <Filter>Default</Filter>
    </ClInclude>
    <ClInclude Include="MainGame.h">
      <Filter>MainGame</Filter>
    </ClInclude>
    <ClInclude Include="InputManager.h">
      <Filter>Manager</Filter>
    </ClInclude>
    <ClInclude Include="ObjectManager.h">
      <Filter>Manager</Filter>
    </ClInclude>
    <ClInclude Include="SceneManager.h">
      <Filter>Manager</Filter>
    </ClInclude>
    <ClInclude Include="GameObject.h">
      <Filter>GameObject</Filter>
    </ClInclude>
    <ClInclude Include="Scene.h">
      <Filter>Scene</Filter>
    </ClInclude>
    <ClInclude Include="Vector2.h">
      <Filter>Library</Filter>
    </ClInclude>
    <ClInclude Include="TestScene.h">
      <Filter>Scene</Filter>
    </ClInclude>
    <ClInclude Include="RenderSystem.h">
      <Filter>Manager</Filter>
    </ClInclude>
    <ClInclude Include="Shape.h">
      <Filter>Library</Filter>
    </ClInclude>
    <ClInclude Include="Player.h">
      <Filter>GameObject\Player</Filter>
    </ClInclude>
    <ClInclude Include="Camera.h">
      <Filter>Camera</Filter>
    </ClInclude>
    <ClInclude Include="Time.h" />
    <ClInclude Include="Missile.h">
      <Filter>GameObject\Missile</Filter>
    </ClInclude>
    <ClInclude Include="Unit.h" />
    <ClInclude Include="Console.h">
      <Filter>Console</Filter>
    </ClInclude>
  </ItemGroup>
</Project>